
Microsoft Visual Studio Solution File, Format Version 12.00
# Visual Studio 2013
VisualStudioVersion = 12.0.31101.0
MinimumVisualStudioVersion = 10.0.40219.1
Project("{FAE04EC0-301F-11D3-BF4B-00C04F79EFBC}") = "Apstars", "Apstars\Apstars.csproj", "{CA8DAACE-D4F4-4697-A7A5-3F6B72F6AF1A}"
EndProject
Project("{2150E333-8FDC-42A3-9474-1A3956D46DE8}") = "src", "src", "{6E37AACA-D6B2-427A-B801-646BE68B21F2}"
EndProject
Project("{FAE04EC0-301F-11D3-BF4B-00C04F79EFBC}") = "Apstars.Repositories.EntityFramework", "Apstars.Repositories.EntityFramework\Apstars.Repositories.EntityFramework.csproj", "{8EA67442-5342-4E1F-A96C-A14A07BBD4D4}"
EndProject
Project("{FAE04EC0-301F-11D3-BF4B-00C04F79EFBC}") = "Apstars.ObjectContainers.Autofac", "Apstars.ObjectContainers.Autofac\Apstars.ObjectContainers.Autofac.csproj", "{73707433-BBFE-4665-857B-9693DF57A15F}"
EndProject
Project("{2150E333-8FDC-42A3-9474-1A3956D46DE8}") = "Tests", "Tests", "{C0F40C78-4D23-46F1-B648-304B873DBE64}"
EndProject
Project("{FAE04EC0-301F-11D3-BF4B-00C04F79EFBC}") = "Apstars.Tests.Configuration", "Tests\Apstars.Tests.Configuration\Apstars.Tests.Configuration.csproj", "{3DCEEFFD-BAA8-4C4A-B74D-B19E2CEEFBFA}"
EndProject
Global
	GlobalSection(SolutionConfigurationPlatforms) = preSolution
		Debug|Any CPU = Debug|Any CPU
		Release|Any CPU = Release|Any CPU
	EndGlobalSection
	GlobalSection(ProjectConfigurationPlatforms) = postSolution
		{CA8DAACE-D4F4-4697-A7A5-3F6B72F6AF1A}.Debug|Any CPU.ActiveCfg = Debug|Any CPU
		{CA8DAACE-D4F4-4697-A7A5-3F6B72F6AF1A}.Debug|Any CPU.Build.0 = Debug|Any CPU
		{CA8DAACE-D4F4-4697-A7A5-3F6B72F6AF1A}.Release|Any CPU.ActiveCfg = Release|Any CPU
		{CA8DAACE-D4F4-4697-A7A5-3F6B72F6AF1A}.Release|Any CPU.Build.0 = Release|Any CPU
		{8EA67442-5342-4E1F-A96C-A14A07BBD4D4}.Debug|Any CPU.ActiveCfg = Debug|Any CPU
		{8EA67442-5342-4E1F-A96C-A14A07BBD4D4}.Debug|Any CPU.Build.0 = Debug|Any CPU
		{8EA67442-5342-4E1F-A96C-A14A07BBD4D4}.Release|Any CPU.ActiveCfg = Release|Any CPU
		{8EA67442-5342-4E1F-A96C-A14A07BBD4D4}.Release|Any CPU.Build.0 = Release|Any CPU
		{73707433-BBFE-4665-857B-9693DF57A15F}.Debug|Any CPU.ActiveCfg = Debug|Any CPU
		{73707433-BBFE-4665-857B-9693DF57A15F}.Debug|Any CPU.Build.0 = Debug|Any CPU
		{73707433-BBFE-4665-857B-9693DF57A15F}.Release|Any CPU.ActiveCfg = Release|Any CPU
		{73707433-BBFE-4665-857B-9693DF57A15F}.Release|Any CPU.Build.0 = Release|Any CPU
		{3DCEEFFD-BAA8-4C4A-B74D-B19E2CEEFBFA}.Debug|Any CPU.ActiveCfg = Debug|Any CPU
		{3DCEEFFD-BAA8-4C4A-B74D-B19E2CEEFBFA}.Debug|Any CPU.Build.0 = Debug|Any CPU
		{3DCEEFFD-BAA8-4C4A-B74D-B19E2CEEFBFA}.Release|Any CPU.ActiveCfg = Release|Any CPU
		{3DCEEFFD-BAA8-4C4A-B74D-B19E2CEEFBFA}.Release|Any CPU.Build.0 = Release|Any CPU
	EndGlobalSection
	GlobalSection(SolutionProperties) = preSolution
		HideSolutionNode = FALSE
	EndGlobalSection
	GlobalSection(NestedProjects) = preSolution
		{CA8DAACE-D4F4-4697-A7A5-3F6B72F6AF1A} = {6E37AACA-D6B2-427A-B801-646BE68B21F2}
		{8EA67442-5342-4E1F-A96C-A14A07BBD4D4} = {6E37AACA-D6B2-427A-B801-646BE68B21F2}
		{73707433-BBFE-4665-857B-9693DF57A15F} = {6E37AACA-D6B2-427A-B801-646BE68B21F2}
		{3DCEEFFD-BAA8-4C4A-B74D-B19E2CEEFBFA} = {C0F40C78-4D23-46F1-B648-304B873DBE64}
	EndGlobalSection
EndGlobal
